# This file is automatically @generated by Cargo.
# It is not intended for manual editing.
version = 3

[[package]]
name = "codeless-adapters-host"
version = "0.0.0"

[[package]]
name = "codeless-cli"
version = "0.0.0"

[[package]]
name = "codeless-client"
version = "0.0.0"

[[package]]
name = "codeless-rpc"
version = "0.0.0"

[[package]]
name = "codeless-runtime"
version = "0.0.0"

[[package]]
name = "codeless-server"
version = "0.0.0"

[[package]]
name = "codeless-tauri-desktop"
version = "0.0.0"

[[package]]
name = "codeless-types"
version = "0.0.0"
